Microsoft Visual Studio Solution File, Format Version 12.00
# Visual Studio Version 17
VisualStudioVersion = 17.5.2.0
MinimumVisualStudioVersion = 10.0.40219.1
Project("{FAE04EC0-301F-11D3-BF4B-00C04F79EFBC}") = "projeto-musical", "projeto-musical\projeto-musical.csproj", "{8CB5E782-A2CC-9C47-BEB1-3A5FB0B409A2}"
EndProject
Global
	GlobalSection(SolutionConfigurationPlatforms) = preSolution
		Debug|Any CPU = Debug|Any CPU
		Release|Any CPU = Release|Any CPU
	EndGlobalSection
	GlobalSection(ProjectConfigurationPlatforms) = postSolution
		{8CB5E782-A2CC-9C47-BEB1-3A5FB0B409A2}.Debug|Any CPU.ActiveCfg = Debug|Any CPU
		{8CB5E782-A2CC-9C47-BEB1-3A5FB0B409A2}.Debug|Any CPU.Build.0 = Debug|Any CPU
		{8CB5E782-A2CC-9C47-BEB1-3A5FB0B409A2}.Release|Any CPU.ActiveCfg = Release|Any CPU
		{8CB5E782-A2CC-9C47-BEB1-3A5FB0B409A2}.Release|Any CPU.Build.0 = Release|Any CPU
	EndGlobalSection
	GlobalSection(SolutionProperties) = preSolution
		HideSolutionNode = FALSE
	EndGlobalSection
	GlobalSection(ExtensibilityGlobals) = postSolution
		SolutionGuid = {39426489-C1C3-4FC6-8DDC-916DCE414545}
	EndGlobalSection
EndGlobal
